{
  "name": "@rtea/prosemirror-rtea",
  "version": "0.0.1",
  "lockfileVersion": 3,
  "requires": true,
  "packages": {
    "": {
      "name": "@rtea/prosemirror-rtea",
      "version": "0.0.1",
      "license": "MIT",
      "dependencies": {
        "tslib": "^2.3.0"
      },
      "peerDependencies": {
        "prosemirror-commands": "^1",
        "prosemirror-model": "^1",
        "prosemirror-state": "^1",
        "prosemirror-transform": "^1",
        "prosemirror-view": "^1"
      }
    },
    "node_modules/orderedmap": {
      "version": "2.1.1",
      "resolved": "https://registry.npmjs.org/orderedmap/-/orderedmap-2.1.1.tgz",
      "integrity": "sha512-TvAWxi0nDe1j/rtMcWcIj94+Ffe6n7zhow33h40SKxmsmozs6dz/e+EajymfoFcHd7sxNn8yHM8839uixMOV6g==",
      "peer": true
    },
    "node_modules/prosemirror-commands": {
      "version": "1.5.2",
      "resolved": "https://registry.npmjs.org/prosemirror-commands/-/prosemirror-commands-1.5.2.tgz",
      "integrity": "sha512-hgLcPaakxH8tu6YvVAaILV2tXYsW3rAdDR8WNkeKGcgeMVQg3/TMhPdVoh7iAmfgVjZGtcOSjKiQaoeKjzd2mQ==",
      "peer": true,
      "dependencies": {
        "prosemirror-model": "^1.0.0",
        "prosemirror-state": "^1.0.0",
        "prosemirror-transform": "^1.0.0"
      }
    },
    "node_modules/prosemirror-model": {
      "version": "1.19.3",
      "resolved": "https://registry.npmjs.org/prosemirror-model/-/prosemirror-model-1.19.3.tgz",
      "integrity": "sha512-tgSnwN7BS7/UM0sSARcW+IQryx2vODKX4MI7xpqY2X+iaepJdKBPc7I4aACIsDV/LTaTjt12Z56MhDr9LsyuZQ==",
      "peer": true,
      "dependencies": {
        "orderedmap": "^2.0.0"
      }
    },
    "node_modules/prosemirror-state": {
      "version": "1.4.3",
      "resolved": "https://registry.npmjs.org/prosemirror-state/-/prosemirror-state-1.4.3.tgz",
      "integrity": "sha512-goFKORVbvPuAQaXhpbemJFRKJ2aixr+AZMGiquiqKxaucC6hlpHNZHWgz5R7dS4roHiwq9vDctE//CZ++o0W1Q==",
      "peer": true,
      "dependencies": {
        "prosemirror-model": "^1.0.0",
        "prosemirror-transform": "^1.0.0",
        "prosemirror-view": "^1.27.0"
      }
    },
    "node_modules/prosemirror-transform": {
      "version": "1.7.4",
      "resolved": "https://registry.npmjs.org/prosemirror-transform/-/prosemirror-transform-1.7.4.tgz",
      "integrity": "sha512-GO38mvqJ2yeI0BbL5E1CdHcly032Dlfn9nHqlnCHqlNf9e9jZwJixxp6VRtOeDZ1uTDpDIziezMKbA41LpAx3A==",
      "peer": true,
      "dependencies": {
        "prosemirror-model": "^1.0.0"
      }
    },
    "node_modules/prosemirror-view": {
      "version": "1.31.7",
      "resolved": "https://registry.npmjs.org/prosemirror-view/-/prosemirror-view-1.31.7.tgz",
      "integrity": "sha512-Pr7w93yOYmxQwzGIRSaNLZ/1uM6YjnenASzN2H6fO6kGekuzRbgZ/4bHbBTd1u4sIQmL33/TcGmzxxidyPwCjg==",
      "peer": true,
      "dependencies": {
        "prosemirror-model": "^1.16.0",
        "prosemirror-state": "^1.0.0",
        "prosemirror-transform": "^1.1.0"
      }
    },
    "node_modules/tslib": {
      "version": "2.6.1",
      "resolved": "https://registry.npmjs.org/tslib/-/tslib-2.6.1.tgz",
      "integrity": "sha512-t0hLfiEKfMUoqhG+U1oid7Pva4bbDPHYfJNiB7BiIjRkj1pyC++4N3huJfqY6aRH6VTB0rvtzQwjM4K6qpfOig=="
    }
  }
}